Microsoft Visual Studio Solution File, Format Version 12.00
# Visual Studio Version 17
VisualStudioVersion = 17.2.32314.265
MinimumVisualStudioVersion = 10.0.40219.1
Project("{2150E333-8FDC-42A3-9474-1A3956D46DE8}") = "libs", "libs", "{6E5BF389-3D3F-4D74-9DD0-3B199CB529C5}"
	ProjectSection(SolutionItems) = preProject
		src\libs\Directory.Build.props = src\libs\Directory.Build.props
	EndProjectSection
EndProject
Project("{2150E333-8FDC-42A3-9474-1A3956D46DE8}") = "tests", "tests", "{9CAA231D-7BE1-46C9-ACD6-EB2E569CEBEA}"
EndProject
Project("{2150E333-8FDC-42A3-9474-1A3956D46DE8}") = "Solution Items", "Solution Items", "{94FE90BF-FA05-46C6-A207-6E454A236659}"
	ProjectSection(SolutionItems) = preProject
		.gitignore = .gitignore
		src\Directory.Build.props = src\Directory.Build.props
		README.md = README.md
		.github\workflows\pull-request.yml = .github\workflows\pull-request.yml
		LICENSE.md = LICENSE.md
		.github\workflows\main.yml = .github\workflows\main.yml
		.github\dependabot.yml = .github\dependabot.yml
	EndProjectSection
EndProject
Project("{FAE04EC0-301F-11D3-BF4B-00C04F79EFBC}") = "OpenApiGenerator", "src\libs\OpenApiGenerator\OpenApiGenerator.csproj", "{A16594C6-F868-4564-AB59-F53DB2F57EAA}"
EndProject
Project("{FAE04EC0-301F-11D3-BF4B-00C04F79EFBC}") = "OpenApiGenerator.SnapshotTests", "src\tests\OpenApiGenerator.SnapshotTests\OpenApiGenerator.SnapshotTests.csproj", "{440B9C75-CA33-47F3-9EDF-A7CD6886155C}"
EndProject
Project("{FAE04EC0-301F-11D3-BF4B-00C04F79EFBC}") = "OpenApiGenerator.Core", "src\libs\OpenApiGenerator.Core\OpenApiGenerator.Core.csproj", "{3A3F5EE3-0076-4822-B3BA-2955EC802E25}"
EndProject
Project("{FAE04EC0-301F-11D3-BF4B-00C04F79EFBC}") = "OpenApiGenerator.UnitTests", "src\tests\OpenApiGenerator.UnitTests\OpenApiGenerator.UnitTests.csproj", "{88BE4AC5-6E7B-46FA-B656-5CCE8BF9F18E}"
EndProject
Project("{FAE04EC0-301F-11D3-BF4B-00C04F79EFBC}") = "OpenApiGenerator.Cli", "src\libs\OpenApiGenerator.Cli\OpenApiGenerator.Cli.csproj", "{CF8CA4E0-E90D-44FB-A9D5-6296A036BB24}"
EndProject
Project("{FAE04EC0-301F-11D3-BF4B-00C04F79EFBC}") = "OpenApiGenerator.IntegrationTests.Twitch", "src\tests\OpenApiGenerator.IntegrationTests.Twitch\OpenApiGenerator.IntegrationTests.Twitch.csproj", "{CFB5BF63-EE61-43F8-B39B-7ECB51967210}"
EndProject
Project("{FAE04EC0-301F-11D3-BF4B-00C04F79EFBC}") = "OpenApiGenerator.IntegrationTests.Twitch.Data", "src\tests\OpenApiGenerator.IntegrationTests.Twitch.Data\OpenApiGenerator.IntegrationTests.Twitch.Data.csproj", "{1C0BC591-1413-4710-BF9F-DEC8E142DD16}"
EndProject
Project("{FAE04EC0-301F-11D3-BF4B-00C04F79EFBC}") = "TrimmingHelper", "src\tests\TrimmingHelper\TrimmingHelper.csproj", "{0FF0639B-E69A-44AC-A1E5-6C7CECD80210}"
EndProject
Project("{FAE04EC0-301F-11D3-BF4B-00C04F79EFBC}") = "OpenApiGenerator.IntegrationTests.IpInfo", "src\tests\OpenApiGenerator.IntegrationTests.IpInfo\OpenApiGenerator.IntegrationTests.IpInfo.csproj", "{4E0C505F-4C5A-4FDD-B8E5-E86BF07AF744}"
EndProject
Project("{FAE04EC0-301F-11D3-BF4B-00C04F79EFBC}") = "OpenApiGenerator.IntegrationTests.IpInfo.Data", "src\tests\OpenApiGenerator.IntegrationTests.IpInfo.Data\OpenApiGenerator.IntegrationTests.IpInfo.Data.csproj", "{3D0A01BA-0998-4D7A-A2DD-8DD938DAF952}"
EndProject
Project("{FAE04EC0-301F-11D3-BF4B-00C04F79EFBC}") = "OpenApiGenerator.IntegrationTests.Ollama.Models", "src\tests\OpenApiGenerator.IntegrationTests.Ollama.Models\OpenApiGenerator.IntegrationTests.Ollama.Models.csproj", "{76A1D225-CBE1-4527-8649-B3B79315CAE3}"
EndProject
Project("{FAE04EC0-301F-11D3-BF4B-00C04F79EFBC}") = "OpenApiGenerator.IntegrationTests.Ollama", "src\tests\OpenApiGenerator.IntegrationTests.Ollama\OpenApiGenerator.IntegrationTests.Ollama.csproj", "{1A0514F7-12E4-496A-A1F1-2A1D4C930DB6}"
EndProject
Project("{FAE04EC0-301F-11D3-BF4B-00C04F79EFBC}") = "OpenApiGenerator.IntegrationTests.OpenAI.Models", "src\tests\OpenApiGenerator.IntegrationTests.OpenAI.Models\OpenApiGenerator.IntegrationTests.OpenAI.Models.csproj", "{01D74ED6-33E1-456C-AD74-C7F5BE90D042}"
EndProject
Project("{FAE04EC0-301F-11D3-BF4B-00C04F79EFBC}") = "OpenApiGenerator.IntegrationTests.OpenAI", "src\tests\OpenApiGenerator.IntegrationTests.OpenAI\OpenApiGenerator.IntegrationTests.OpenAI.csproj", "{7C8C2EF1-2E1E-4623-92B6-95BDDBE4A32E}"
EndProject
Global
	GlobalSection(SolutionConfigurationPlatforms) = preSolution
		Debug|Any CPU = Debug|Any CPU
		Release|Any CPU = Release|Any CPU
	EndGlobalSection
	GlobalSection(ProjectConfigurationPlatforms) = postSolution
		{A16594C6-F868-4564-AB59-F53DB2F57EAA}.Debug|Any CPU.ActiveCfg = Debug|Any CPU
		{A16594C6-F868-4564-AB59-F53DB2F57EAA}.Debug|Any CPU.Build.0 = Debug|Any CPU
		{A16594C6-F868-4564-AB59-F53DB2F57EAA}.Release|Any CPU.ActiveCfg = Release|Any CPU
		{A16594C6-F868-4564-AB59-F53DB2F57EAA}.Release|Any CPU.Build.0 = Release|Any CPU
		{440B9C75-CA33-47F3-9EDF-A7CD6886155C}.Debug|Any CPU.ActiveCfg = Debug|Any CPU
		{440B9C75-CA33-47F3-9EDF-A7CD6886155C}.Debug|Any CPU.Build.0 = Debug|Any CPU
		{440B9C75-CA33-47F3-9EDF-A7CD6886155C}.Release|Any CPU.ActiveCfg = Release|Any CPU
		{440B9C75-CA33-47F3-9EDF-A7CD6886155C}.Release|Any CPU.Build.0 = Release|Any CPU
		{3A3F5EE3-0076-4822-B3BA-2955EC802E25}.Debug|Any CPU.ActiveCfg = Debug|Any CPU
		{3A3F5EE3-0076-4822-B3BA-2955EC802E25}.Debug|Any CPU.Build.0 = Debug|Any CPU
		{3A3F5EE3-0076-4822-B3BA-2955EC802E25}.Release|Any CPU.ActiveCfg = Release|Any CPU
		{3A3F5EE3-0076-4822-B3BA-2955EC802E25}.Release|Any CPU.Build.0 = Release|Any CPU
		{88BE4AC5-6E7B-46FA-B656-5CCE8BF9F18E}.Debug|Any CPU.ActiveCfg = Debug|Any CPU
		{88BE4AC5-6E7B-46FA-B656-5CCE8BF9F18E}.Debug|Any CPU.Build.0 = Debug|Any CPU
		{88BE4AC5-6E7B-46FA-B656-5CCE8BF9F18E}.Release|Any CPU.ActiveCfg = Release|Any CPU
		{88BE4AC5-6E7B-46FA-B656-5CCE8BF9F18E}.Release|Any CPU.Build.0 = Release|Any CPU
		{CF8CA4E0-E90D-44FB-A9D5-6296A036BB24}.Debug|Any CPU.ActiveCfg = Debug|Any CPU
		{CF8CA4E0-E90D-44FB-A9D5-6296A036BB24}.Debug|Any CPU.Build.0 = Debug|Any CPU
		{CF8CA4E0-E90D-44FB-A9D5-6296A036BB24}.Release|Any CPU.ActiveCfg = Release|Any CPU
		{CF8CA4E0-E90D-44FB-A9D5-6296A036BB24}.Release|Any CPU.Build.0 = Release|Any CPU
		{CFB5BF63-EE61-43F8-B39B-7ECB51967210}.Debug|Any CPU.ActiveCfg = Debug|Any CPU
		{CFB5BF63-EE61-43F8-B39B-7ECB51967210}.Debug|Any CPU.Build.0 = Debug|Any CPU
		{CFB5BF63-EE61-43F8-B39B-7ECB51967210}.Release|Any CPU.ActiveCfg = Release|Any CPU
		{CFB5BF63-EE61-43F8-B39B-7ECB51967210}.Release|Any CPU.Build.0 = Release|Any CPU
		{1C0BC591-1413-4710-BF9F-DEC8E142DD16}.Debug|Any CPU.ActiveCfg = Debug|Any CPU
		{1C0BC591-1413-4710-BF9F-DEC8E142DD16}.Debug|Any CPU.Build.0 = Debug|Any CPU
		{1C0BC591-1413-4710-BF9F-DEC8E142DD16}.Release|Any CPU.ActiveCfg = Release|Any CPU
		{1C0BC591-1413-4710-BF9F-DEC8E142DD16}.Release|Any CPU.Build.0 = Release|Any CPU
		{0FF0639B-E69A-44AC-A1E5-6C7CECD80210}.Debug|Any CPU.ActiveCfg = Debug|Any CPU
		{0FF0639B-E69A-44AC-A1E5-6C7CECD80210}.Debug|Any CPU.Build.0 = Debug|Any CPU
		{0FF0639B-E69A-44AC-A1E5-6C7CECD80210}.Release|Any CPU.ActiveCfg = Release|Any CPU
		{0FF0639B-E69A-44AC-A1E5-6C7CECD80210}.Release|Any CPU.Build.0 = Release|Any CPU
		{4E0C505F-4C5A-4FDD-B8E5-E86BF07AF744}.Debug|Any CPU.ActiveCfg = Debug|Any CPU
		{4E0C505F-4C5A-4FDD-B8E5-E86BF07AF744}.Debug|Any CPU.Build.0 = Debug|Any CPU
		{4E0C505F-4C5A-4FDD-B8E5-E86BF07AF744}.Release|Any CPU.ActiveCfg = Release|Any CPU
		{4E0C505F-4C5A-4FDD-B8E5-E86BF07AF744}.Release|Any CPU.Build.0 = Release|Any CPU
		{3D0A01BA-0998-4D7A-A2DD-8DD938DAF952}.Debug|Any CPU.ActiveCfg = Debug|Any CPU
		{3D0A01BA-0998-4D7A-A2DD-8DD938DAF952}.Debug|Any CPU.Build.0 = Debug|Any CPU
		{3D0A01BA-0998-4D7A-A2DD-8DD938DAF952}.Release|Any CPU.ActiveCfg = Release|Any CPU
		{3D0A01BA-0998-4D7A-A2DD-8DD938DAF952}.Release|Any CPU.Build.0 = Release|Any CPU
		{76A1D225-CBE1-4527-8649-B3B79315CAE3}.Debug|Any CPU.ActiveCfg = Debug|Any CPU
		{76A1D225-CBE1-4527-8649-B3B79315CAE3}.Debug|Any CPU.Build.0 = Debug|Any CPU
		{76A1D225-CBE1-4527-8649-B3B79315CAE3}.Release|Any CPU.ActiveCfg = Release|Any CPU
		{76A1D225-CBE1-4527-8649-B3B79315CAE3}.Release|Any CPU.Build.0 = Release|Any CPU
		{1A0514F7-12E4-496A-A1F1-2A1D4C930DB6}.Debug|Any CPU.ActiveCfg = Debug|Any CPU
		{1A0514F7-12E4-496A-A1F1-2A1D4C930DB6}.Debug|Any CPU.Build.0 = Debug|Any CPU
		{1A0514F7-12E4-496A-A1F1-2A1D4C930DB6}.Release|Any CPU.ActiveCfg = Release|Any CPU
		{1A0514F7-12E4-496A-A1F1-2A1D4C930DB6}.Release|Any CPU.Build.0 = Release|Any CPU
		{01D74ED6-33E1-456C-AD74-C7F5BE90D042}.Debug|Any CPU.ActiveCfg = Debug|Any CPU
		{01D74ED6-33E1-456C-AD74-C7F5BE90D042}.Debug|Any CPU.Build.0 = Debug|Any CPU
		{01D74ED6-33E1-456C-AD74-C7F5BE90D042}.Release|Any CPU.ActiveCfg = Release|Any CPU
		{01D74ED6-33E1-456C-AD74-C7F5BE90D042}.Release|Any CPU.Build.0 = Release|Any CPU
		{7C8C2EF1-2E1E-4623-92B6-95BDDBE4A32E}.Debug|Any CPU.ActiveCfg = Debug|Any CPU
		{7C8C2EF1-2E1E-4623-92B6-95BDDBE4A32E}.Debug|Any CPU.Build.0 = Debug|Any CPU
		{7C8C2EF1-2E1E-4623-92B6-95BDDBE4A32E}.Release|Any CPU.ActiveCfg = Release|Any CPU
		{7C8C2EF1-2E1E-4623-92B6-95BDDBE4A32E}.Release|Any CPU.Build.0 = Release|Any CPU
	EndGlobalSection
	GlobalSection(SolutionProperties) = preSolution
		HideSolutionNode = FALSE
	EndGlobalSection
	GlobalSection(NestedProjects) = preSolution
		{A16594C6-F868-4564-AB59-F53DB2F57EAA} = {6E5BF389-3D3F-4D74-9DD0-3B199CB529C5}
		{440B9C75-CA33-47F3-9EDF-A7CD6886155C} = {9CAA231D-7BE1-46C9-ACD6-EB2E569CEBEA}
		{3A3F5EE3-0076-4822-B3BA-2955EC802E25} = {6E5BF389-3D3F-4D74-9DD0-3B199CB529C5}
		{88BE4AC5-6E7B-46FA-B656-5CCE8BF9F18E} = {9CAA231D-7BE1-46C9-ACD6-EB2E569CEBEA}
		{CF8CA4E0-E90D-44FB-A9D5-6296A036BB24} = {6E5BF389-3D3F-4D74-9DD0-3B199CB529C5}
		{CFB5BF63-EE61-43F8-B39B-7ECB51967210} = {9CAA231D-7BE1-46C9-ACD6-EB2E569CEBEA}
		{1C0BC591-1413-4710-BF9F-DEC8E142DD16} = {9CAA231D-7BE1-46C9-ACD6-EB2E569CEBEA}
		{0FF0639B-E69A-44AC-A1E5-6C7CECD80210} = {9CAA231D-7BE1-46C9-ACD6-EB2E569CEBEA}
		{4E0C505F-4C5A-4FDD-B8E5-E86BF07AF744} = {9CAA231D-7BE1-46C9-ACD6-EB2E569CEBEA}
		{3D0A01BA-0998-4D7A-A2DD-8DD938DAF952} = {9CAA231D-7BE1-46C9-ACD6-EB2E569CEBEA}
		{76A1D225-CBE1-4527-8649-B3B79315CAE3} = {9CAA231D-7BE1-46C9-ACD6-EB2E569CEBEA}
		{1A0514F7-12E4-496A-A1F1-2A1D4C930DB6} = {9CAA231D-7BE1-46C9-ACD6-EB2E569CEBEA}
		{01D74ED6-33E1-456C-AD74-C7F5BE90D042} = {9CAA231D-7BE1-46C9-ACD6-EB2E569CEBEA}
		{7C8C2EF1-2E1E-4623-92B6-95BDDBE4A32E} = {9CAA231D-7BE1-46C9-ACD6-EB2E569CEBEA}
	EndGlobalSection
	GlobalSection(ExtensibilityGlobals) = postSolution
		SolutionGuid = {1493AEE4-9211-46E9-BFE6-8F629EAC5693}
	EndGlobalSection
EndGlobal
