Microsoft Visual Studio Solution File, Format Version 12.00
# Visual Studio Version 17
VisualStudioVersion = 17.2.32314.265
MinimumVisualStudioVersion = 10.0.40219.1
Project("{2150E333-8FDC-42A3-9474-1A3956D46DE8}") = "libs", "libs", "{6E5BF389-3D3F-4D74-9DD0-3B199CB529C5}"
	ProjectSection(SolutionItems) = preProject
		src\libs\Directory.Build.props = src\libs\Directory.Build.props
	EndProjectSection
EndProject
Project("{2150E333-8FDC-42A3-9474-1A3956D46DE8}") = "tests", "tests", "{9CAA231D-7BE1-46C9-ACD6-EB2E569CEBEA}"
EndProject
Project("{2150E333-8FDC-42A3-9474-1A3956D46DE8}") = "Solution Items", "Solution Items", "{94FE90BF-FA05-46C6-A207-6E454A236659}"
	ProjectSection(SolutionItems) = preProject
		.gitignore = .gitignore
		src\Directory.Build.props = src\Directory.Build.props
		README.md = README.md
		.github\workflows\pull-request.yml = .github\workflows\pull-request.yml
		LICENSE.md = LICENSE.md
		.github\workflows\main.yml = .github\workflows\main.yml
		.github\dependabot.yml = .github\dependabot.yml
	EndProjectSection
EndProject
Project("{FAE04EC0-301F-11D3-BF4B-00C04F79EFBC}") = "OpenApiGenerator", "src\libs\OpenApiGenerator\OpenApiGenerator.csproj", "{A16594C6-F868-4564-AB59-F53DB2F57EAA}"
EndProject
Project("{FAE04EC0-301F-11D3-BF4B-00C04F79EFBC}") = "OpenApiGenerator.SnapshotTests", "src\tests\OpenApiGenerator.SnapshotTests\OpenApiGenerator.SnapshotTests.csproj", "{440B9C75-CA33-47F3-9EDF-A7CD6886155C}"
EndProject
Project("{FAE04EC0-301F-11D3-BF4B-00C04F79EFBC}") = "OpenApiGenerator.IntegrationTests", "src\tests\OpenApiGenerator.IntegrationTests\OpenApiGenerator.IntegrationTests.csproj", "{0EC09367-E7C5-4847-A9F3-DBC18A1C8395}"
EndProject
Project("{FAE04EC0-301F-11D3-BF4B-00C04F79EFBC}") = "OpenApiGenerator.Helpers", "src\libs\OpenApiGenerator.Helpers\OpenApiGenerator.Helpers.csproj", "{CF6126AF-6934-46EC-A0F2-B75C673EA8D8}"
EndProject
Project("{FAE04EC0-301F-11D3-BF4B-00C04F79EFBC}") = "OpenApiGenerator.Core", "src\libs\OpenApiGenerator.Core\OpenApiGenerator.Core.csproj", "{3A3F5EE3-0076-4822-B3BA-2955EC802E25}"
EndProject
Project("{FAE04EC0-301F-11D3-BF4B-00C04F79EFBC}") = "OpenApiGenerator.UnitTests", "src\tests\OpenApiGenerator.UnitTests\OpenApiGenerator.UnitTests.csproj", "{88BE4AC5-6E7B-46FA-B656-5CCE8BF9F18E}"
EndProject
Project("{2150E333-8FDC-42A3-9474-1A3956D46DE8}") = "apps", "apps", "{5682F795-57B4-45E4-B4C7-FE225A5A68D2}"
EndProject
Project("{FAE04EC0-301F-11D3-BF4B-00C04F79EFBC}") = "OpenApiGenerator.Cli", "src\apps\OpenApiGenerator.Cli\OpenApiGenerator.Cli.csproj", "{BCDEE82E-2A5E-43FB-A003-8608D1489D55}"
EndProject
Global
	GlobalSection(SolutionConfigurationPlatforms) = preSolution
		Debug|Any CPU = Debug|Any CPU
		Release|Any CPU = Release|Any CPU
	EndGlobalSection
	GlobalSection(ProjectConfigurationPlatforms) = postSolution
		{A16594C6-F868-4564-AB59-F53DB2F57EAA}.Debug|Any CPU.ActiveCfg = Debug|Any CPU
		{A16594C6-F868-4564-AB59-F53DB2F57EAA}.Debug|Any CPU.Build.0 = Debug|Any CPU
		{A16594C6-F868-4564-AB59-F53DB2F57EAA}.Release|Any CPU.ActiveCfg = Release|Any CPU
		{A16594C6-F868-4564-AB59-F53DB2F57EAA}.Release|Any CPU.Build.0 = Release|Any CPU
		{440B9C75-CA33-47F3-9EDF-A7CD6886155C}.Debug|Any CPU.ActiveCfg = Debug|Any CPU
		{440B9C75-CA33-47F3-9EDF-A7CD6886155C}.Debug|Any CPU.Build.0 = Debug|Any CPU
		{440B9C75-CA33-47F3-9EDF-A7CD6886155C}.Release|Any CPU.ActiveCfg = Release|Any CPU
		{440B9C75-CA33-47F3-9EDF-A7CD6886155C}.Release|Any CPU.Build.0 = Release|Any CPU
		{0EC09367-E7C5-4847-A9F3-DBC18A1C8395}.Debug|Any CPU.ActiveCfg = Debug|Any CPU
		{0EC09367-E7C5-4847-A9F3-DBC18A1C8395}.Debug|Any CPU.Build.0 = Debug|Any CPU
		{0EC09367-E7C5-4847-A9F3-DBC18A1C8395}.Release|Any CPU.ActiveCfg = Release|Any CPU
		{0EC09367-E7C5-4847-A9F3-DBC18A1C8395}.Release|Any CPU.Build.0 = Release|Any CPU
		{CF6126AF-6934-46EC-A0F2-B75C673EA8D8}.Debug|Any CPU.ActiveCfg = Debug|Any CPU
		{CF6126AF-6934-46EC-A0F2-B75C673EA8D8}.Debug|Any CPU.Build.0 = Debug|Any CPU
		{CF6126AF-6934-46EC-A0F2-B75C673EA8D8}.Release|Any CPU.ActiveCfg = Release|Any CPU
		{CF6126AF-6934-46EC-A0F2-B75C673EA8D8}.Release|Any CPU.Build.0 = Release|Any CPU
		{3A3F5EE3-0076-4822-B3BA-2955EC802E25}.Debug|Any CPU.ActiveCfg = Debug|Any CPU
		{3A3F5EE3-0076-4822-B3BA-2955EC802E25}.Debug|Any CPU.Build.0 = Debug|Any CPU
		{3A3F5EE3-0076-4822-B3BA-2955EC802E25}.Release|Any CPU.ActiveCfg = Release|Any CPU
		{3A3F5EE3-0076-4822-B3BA-2955EC802E25}.Release|Any CPU.Build.0 = Release|Any CPU
		{88BE4AC5-6E7B-46FA-B656-5CCE8BF9F18E}.Debug|Any CPU.ActiveCfg = Debug|Any CPU
		{88BE4AC5-6E7B-46FA-B656-5CCE8BF9F18E}.Debug|Any CPU.Build.0 = Debug|Any CPU
		{88BE4AC5-6E7B-46FA-B656-5CCE8BF9F18E}.Release|Any CPU.ActiveCfg = Release|Any CPU
		{88BE4AC5-6E7B-46FA-B656-5CCE8BF9F18E}.Release|Any CPU.Build.0 = Release|Any CPU
		{BCDEE82E-2A5E-43FB-A003-8608D1489D55}.Debug|Any CPU.ActiveCfg = Debug|Any CPU
		{BCDEE82E-2A5E-43FB-A003-8608D1489D55}.Debug|Any CPU.Build.0 = Debug|Any CPU
		{BCDEE82E-2A5E-43FB-A003-8608D1489D55}.Release|Any CPU.ActiveCfg = Release|Any CPU
		{BCDEE82E-2A5E-43FB-A003-8608D1489D55}.Release|Any CPU.Build.0 = Release|Any CPU
	EndGlobalSection
	GlobalSection(SolutionProperties) = preSolution
		HideSolutionNode = FALSE
	EndGlobalSection
	GlobalSection(NestedProjects) = preSolution
		{A16594C6-F868-4564-AB59-F53DB2F57EAA} = {6E5BF389-3D3F-4D74-9DD0-3B199CB529C5}
		{440B9C75-CA33-47F3-9EDF-A7CD6886155C} = {9CAA231D-7BE1-46C9-ACD6-EB2E569CEBEA}
		{0EC09367-E7C5-4847-A9F3-DBC18A1C8395} = {9CAA231D-7BE1-46C9-ACD6-EB2E569CEBEA}
		{CF6126AF-6934-46EC-A0F2-B75C673EA8D8} = {6E5BF389-3D3F-4D74-9DD0-3B199CB529C5}
		{3A3F5EE3-0076-4822-B3BA-2955EC802E25} = {6E5BF389-3D3F-4D74-9DD0-3B199CB529C5}
		{88BE4AC5-6E7B-46FA-B656-5CCE8BF9F18E} = {9CAA231D-7BE1-46C9-ACD6-EB2E569CEBEA}
		{BCDEE82E-2A5E-43FB-A003-8608D1489D55} = {5682F795-57B4-45E4-B4C7-FE225A5A68D2}
	EndGlobalSection
	GlobalSection(ExtensibilityGlobals) = postSolution
		SolutionGuid = {1493AEE4-9211-46E9-BFE6-8F629EAC5693}
	EndGlobalSection
EndGlobal
